# This file is autogenerated, do not edit; changes may be undone by the next 'dep ensure'.


[[projects]]
  branch = "ex_fix_close_panic"
  digest = "1:3d2c9b9bfcc87e9df9cfff949dfc11cad3fba990cce5be9712652193faf747d7"
  name = "github.com/CyCoreSystems/ari"
  packages = [
    ".",
    "client/arimocks",
    "client/native",
    "rid",
    "stdbus",
  ]
  pruneopts = ""
  revision = "75d2ee6df29f37ddde08c217f6ff6e749e680e36"
  source = "github.com/AVOXI/ari"

[[projects]]
  digest = "1:0deddd908b6b4b768cfc272c16ee61e7088a60f7fe2f06c547bd3d8e1f8b8e77"
  name = "github.com/davecgh/go-spew"
  packages = ["spew"]
  pruneopts = ""
  revision = "8991bc29aa16c548c550c7ff78260e27b9ab7c73"
  version = "v1.1.1"

[[projects]]
  digest = "1:e47ef65c4d3a37884ab29fb4b5c31e826c8fba04caf81da45607d3fba022f7d7"
  name = "github.com/fsnotify/fsnotify"
  packages = ["."]
  pruneopts = ""
  revision = "45d7d09e39ef4ac08d493309fa031790c15bfe8a"
  version = "v1.4.9"

[[projects]]
  digest = "1:a01080d20c45c031c13f3828c56e58f4f51d926a482ad10cc0316225097eb7ea"
  name = "github.com/go-stack/stack"
  packages = ["."]
  pruneopts = ""
  revision = "2fee6af1a9795aafbe0253a0cfbdf668e1fb8a9a"
  version = "v1.8.0"

[[projects]]
  digest = "1:d69d2ba23955582a64e367ff2b0808cdbd048458c178cea48f11ab8c40bd7aea"
  name = "github.com/gogo/protobuf"
  packages = [
    "gogoproto",
    "proto",
    "protoc-gen-gogo/descriptor",
    "sortkeys",
    "types",
  ]
  pruneopts = ""
  revision = "5628607bb4c51c3157aacc3a50f0ab707582b805"
  version = "v1.3.1"

[[projects]]
  digest = "1:d14365c51dd1d34d5c79833ec91413bfbb166be978724f15701e17080dc06dec"
  name = "github.com/hashicorp/hcl"
  packages = [
    ".",
    "hcl/ast",
    "hcl/parser",
    "hcl/printer",
    "hcl/scanner",
    "hcl/strconv",
    "hcl/token",
    "json/parser",
    "json/scanner",
    "json/token",
  ]
  pruneopts = ""
  revision = "8cb6e5b959231cc1119e43259c4a608f9c51a241"
  version = "v1.0.0"

[[projects]]
  digest = "1:a970a0ada840519f69920ea4ce6be93ef6bbe04843730983ba699c06021fd789"
  name = "github.com/inconshreveable/log15"
  packages = ["."]
  pruneopts = ""
  revision = "b30bc20e4fd12cec79a9aae62e91cfcf458bd253"
  version = "v2.15"

[[projects]]
  digest = "1:870d441fe217b8e689d7949fef6e43efbc787e50f200cb1e70dbca9204a1d6be"
  name = "github.com/inconshreveable/mousetrap"
  packages = ["."]
  pruneopts = ""
  revision = "76626ae9c91c4f2a10f34cad8ce83ea42c93bb75"
  version = "v1.0"

[[projects]]
  digest = "1:cea98c25878efd0fa43fc762a8e33dd8ab13c5a62717107626b2ba610733ab2c"
  name = "github.com/magiconair/properties"
  packages = ["."]
  pruneopts = ""
  revision = "fb997392a7e693835970429956b62f6bbf19b3fd"
  version = "v1.8.2"

[[projects]]
  digest = "1:a947becd67c07396eb5e9fe6c3a14964b4987faf96b988e271a980e6a3ad2d0d"
  name = "github.com/mattn/go-colorable"
  packages = ["."]
  pruneopts = ""
  revision = "f6c00982823144337e56cdb71c712eaac151d29c"
  version = "v0.1.7"

[[projects]]
  digest = "1:87fecb4f5564bd9bc810e4c83d4ac434fd17599edc7b35e27580c2cfc48cdb7c"
  name = "github.com/mattn/go-isatty"
  packages = ["."]
  pruneopts = ""
  revision = "7b513a986450394f7bbf1476909911b3aa3a55ce"
  version = "v0.0.12"

[[projects]]
  digest = "1:8871abddc1a4e30c0356055f65a3909a73b8847ca1e97e286a9ff7f5df8b92a2"
  name = "github.com/mitchellh/mapstructure"
  packages = ["."]
  pruneopts = ""
  revision = "9e1e4717f8567d7ead72d070d064ad17d444a67e"
  version = "v1.3.3"

[[projects]]
  digest = "1:5006310dbd3124c74528c50f5bb6bbdbb95b0972e87669c4b5b95bf8b8023668"
  name = "github.com/nats-io/jwt"
  packages = ["."]
  pruneopts = ""
  revision = "8527407e521556b9f0253318912cc03fd84a5bbd"
  version = "v1.0.1"

[[projects]]
  digest = "1:e0e2507bbab0fff32dd0e084123a1b3f80898afd8967e631ebca2452482185a5"
  name = "github.com/nats-io/nats"
  packages = ["."]
  pruneopts = ""
  revision = "120703c6d80965e2f1e7a542c88dc574987b17e1"
  version = "v1.10.0"

[[projects]]
  digest = "1:e0e2507bbab0fff32dd0e084123a1b3f80898afd8967e631ebca2452482185a5"
  name = "github.com/nats-io/nats.go"
  packages = [
    "encoders/builtin",
    "util",
  ]
  pruneopts = ""
  revision = "120703c6d80965e2f1e7a542c88dc574987b17e1"
  version = "v1.10.0"

[[projects]]
  digest = "1:f5df948c12bbeb2c2b878e54c24368abe6f1ec75cf689ef492880f39c135c941"
  name = "github.com/nats-io/nkeys"
  packages = ["."]
  pruneopts = ""
  revision = "3653aeb9baf610b5d160bbafc89e3470a47e08c8"
  version = "v0.2.0"

[[projects]]
  digest = "1:9abd194bb617fe4df66607ca59812ca91caeb2053c8c9869d3507939bb63cc0b"
  name = "github.com/nats-io/nuid"
  packages = ["."]
  pruneopts = ""
  revision = "4b96681fa6d28dd0ab5fe79bac63b3a493d9ee94"
  version = "v1.0.1"

[[projects]]
  digest = "1:996b8a7ca2c2018ad7e645e867de8dd325be2a4aa6a4a422701b4ddd7f0060b2"
  name = "github.com/oklog/ulid"
  packages = ["."]
  pruneopts = ""
  revision = "be3bccf06dda9a40aa6800c4736ac77f2fef987f"
  version = "v2.0.2"

[[projects]]
  digest = "1:3d899fe7ce211d8c9d44058df04c309b440acda454a4b46bab3dc5d907e5a301"
  name = "github.com/pelletier/go-toml"
  packages = ["."]
  pruneopts = ""
  revision = "16c9a8bdc086a2130a88eff98df4088e4c359bb2"
  version = "v1.8.0"

[[projects]]
  digest = "1:1d7e1867c49a6dd9856598ef7c3123604ea3daabf5b83f303ff457bcbc410b1d"
  name = "github.com/pkg/errors"
  packages = ["."]
  pruneopts = ""
  revision = "ba968bfe8b2f7e042a574c888954fccecfa385b4"
  version = "v0.8.1"

[[projects]]
  digest = "1:256484dbbcd271f9ecebc6795b2df8cad4c458dd0f5fd82a8c2fa0c29f233411"
  name = "github.com/pmezard/go-difflib"
  packages = ["difflib"]
  pruneopts = ""
  revision = "792786c7400a136282c1664665ae0a8db921c6c2"
  version = "v1.0.0"

[[projects]]
  digest = "1:ba126b25903cfd2875ffb5fe9dbe9b2c3784b8640c3e2c2e3cf73c9fda39d273"
  name = "github.com/spf13/afero"
  packages = [
    ".",
    "mem",
  ]
  pruneopts = ""
  revision = "27c9ee049885de0846b9326ffe09d128a545a323"
  version = "v1.3.5"

[[projects]]
  digest = "1:0a3d8f7dc17afdc30a5a5becb45fb91ff28aaa64645c69836ccd600d88e9ed9e"
  name = "github.com/spf13/cast"
  packages = ["."]
  pruneopts = ""
  revision = "1ffadf551085444af981432dd0f6d1160c11ec64"
  version = "v1.3.1"

[[projects]]
  digest = "1:832695f69f594dffe9fac453b9937c21d2f0c8fb2d744c7542ef1b269044cc04"
  name = "github.com/spf13/cobra"
  packages = ["."]
  pruneopts = ""
  revision = "6607e6b8603f56adb027298ee6695e06ffb3a819"
  version = "0.0.7"

[[projects]]
  digest = "1:cc15ae4fbdb02ce31f3392361a70ac041f4f02e0485de8ffac92bd8033e3d26e"
  name = "github.com/spf13/jwalterweatherman"
  packages = ["."]
  pruneopts = ""
  revision = "94f6ae3ed3bceceafa716478c5fbf8d29ca601a1"
  version = "v1.1.0"

[[projects]]
  digest = "1:688428eeb1ca80d92599eb3254bdf91b51d7e232fead3a73844c1f201a281e51"
  name = "github.com/spf13/pflag"
  packages = ["."]
  pruneopts = ""
  revision = "2e9d26c8c37aae03e3f9d4e90b7116f5accb7cab"
  version = "v1.0.5"

[[projects]]
  digest = "1:59d1e705705ae641cfa4be5eaddda5f04c8c7654f08808a8eb552f6b094996e3"
  name = "github.com/spf13/viper"
  packages = ["."]
  pruneopts = ""
  revision = "3826be313591f83193f048520482a7b3cf17d506"
  version = "v1.7.1"

[[projects]]
  digest = "1:9768dcdfe7beb510a0880b8692ea954fed70f598f602b3d93bec8b9404648f08"
  name = "github.com/stretchr/objx"
  packages = ["."]
  pruneopts = ""
  revision = "35313a95ee26395aa17d366c71a2ccf788fa69b6"
  version = "v0.3.0"

[[projects]]
  digest = "1:83fd2513b9f6ae0997bf646db6b74e9e00131e31002116fda597175f25add42d"
  name = "github.com/stretchr/testify"
  packages = [
    "assert",
    "mock",
  ]
  pruneopts = ""
  revision = "f654a9112bbeac49ca2cd45bfbe11533c4666cf8"
  version = "v1.6.1"

[[projects]]
  digest = "1:e818a738c880c5571b3817e9173add5c598a90f8615fa7a9bafc23fea774a603"
  name = "github.com/subosito/gotenv"
  packages = ["."]
  pruneopts = ""
  revision = "2ef7124db659d49edac6aa459693a15ae36c671a"
  version = "v1.2.0"

[[projects]]
  branch = "master"
  digest = "1:678eb8275bb8e3394737d136f55da106956c699fb4ccc3e72aa115123cd28d0d"
  name = "golang.org/x/crypto"
  packages = [
    "ed25519",
    "ed25519/internal/edwards25519",
  ]
  pruneopts = ""
  revision = "5c72a883971a4325f8c62bf07b6d38c20ea47a6a"

[[projects]]
  branch = "master"
  digest = "1:6328971ba64f6476ca35920ff04f1be7f04c35ce450d0fbe8f65f82c1cd2c6ab"
  name = "golang.org/x/net"
  packages = ["websocket"]
  pruneopts = ""
  revision = "62affa334b73ec65ed44a326519ac12c421905e3"

[[projects]]
  branch = "master"
  digest = "1:21c6dc0ff18156eaf3088cb757e9d963ea0db6136496a2e2db8dfb4cfeafa1f0"
  name = "golang.org/x/sys"
  packages = [
    "internal/unsafeheader",
    "unix",
  ]
  pruneopts = ""
  revision = "d2e65c121b96ff63726fb564ece016e70ec81a44"

[[projects]]
  digest = "1:fccda34e4c58111b1908d8d69bf8d57c41c8e2542bc18ec8cd38c4fa21057f71"
  name = "golang.org/x/text"
  packages = [
    "internal/gen",
    "internal/triegen",
    "internal/ucd",
    "transform",
    "unicode/cldr",
    "unicode/norm",
  ]
  pruneopts = ""
  revision = "23ae387dee1f90d29a23c0e87ee0b46038fbed0e"
  version = "v0.3.3"

[[projects]]
  digest = "1:e216da648b52f210d8b0f79fddca6c7cfd8a533cc30d7b05d0f658f7f4194e2b"
  name = "gopkg.in/ini.v1"
  packages = ["."]
  pruneopts = ""
  revision = "fcd0515f91612282aba5f5231a7dd71487e6dd8f"
  version = "v1.61.0"

[[projects]]
  digest = "1:43eca683d801087f3acacfd036474638bc5e293ff6078758d710d99c40ec3f7c"
  name = "gopkg.in/yaml.v2"
  packages = ["."]
  pruneopts = ""
  revision = "0b1645d91e851e735d3e23330303ce81f70adbe3"
  version = "v2.3.0"

[[projects]]
  branch = "v3"
  digest = "1:2e9c4d6def1d36dcd17730e00c06b49a2e97ea5e1e639bcd24fa60fa43e33ad6"
  name = "gopkg.in/yaml.v3"
  packages = ["."]
  pruneopts = ""
  revision = "eeeca48fe7764f320e4870d231902bf9c1be2c08"

[solve-meta]
  analyzer-name = "dep"
  analyzer-version = 1
  input-imports = [
    "github.com/CyCoreSystems/ari",
    "github.com/CyCoreSystems/ari/client/arimocks",
    "github.com/CyCoreSystems/ari/client/native",
    "github.com/CyCoreSystems/ari/rid",
    "github.com/inconshreveable/log15",
    "github.com/nats-io/nats",
    "github.com/pkg/errors",
    "github.com/spf13/cobra",
    "github.com/spf13/viper",
    "github.com/stretchr/testify/mock",
  ]
  solver-name = "gps-cdcl"
  solver-version = 1
